
Microsoft Visual Studio Solution File, Format Version 12.00
# Visual Studio 2013
VisualStudioVersion = 12.0.21005.1
MinimumVisualStudioVersion = 10.0.40219.1
Project("{FAE04EC0-301F-11D3-BF4B-00C04F79EFBC}") = "Cluedo", "Cluedo\Cluedo.csproj", "{4D1D8CFB-591E-4F26-B26B-964353360EBF}"
EndProject
Project("{FAE04EC0-301F-11D3-BF4B-00C04F79EFBC}") = "SocketIOClient", "Cluedo\SocketIO\SocketIOClient.csproj", "{352C9BC1-F74C-4741-A09D-7227BC60C057}"
EndProject
Global
	GlobalSection(SolutionConfigurationPlatforms) = preSolution
		Debug|Any CPU = Debug|Any CPU
		DebugILMerge|Any CPU = DebugILMerge|Any CPU
		Release|Any CPU = Release|Any CPU
		ReleaseILMerge|Any CPU = ReleaseILMerge|Any CPU
	EndGlobalSection
	GlobalSection(ProjectConfigurationPlatforms) = postSolution
		{4D1D8CFB-591E-4F26-B26B-964353360EBF}.Debug|Any CPU.ActiveCfg = Debug|Any CPU
		{4D1D8CFB-591E-4F26-B26B-964353360EBF}.Debug|Any CPU.Build.0 = Debug|Any CPU
		{4D1D8CFB-591E-4F26-B26B-964353360EBF}.DebugILMerge|Any CPU.ActiveCfg = Debug|Any CPU
		{4D1D8CFB-591E-4F26-B26B-964353360EBF}.DebugILMerge|Any CPU.Build.0 = Debug|Any CPU
		{4D1D8CFB-591E-4F26-B26B-964353360EBF}.Release|Any CPU.ActiveCfg = Release|Any CPU
		{4D1D8CFB-591E-4F26-B26B-964353360EBF}.Release|Any CPU.Build.0 = Release|Any CPU
		{4D1D8CFB-591E-4F26-B26B-964353360EBF}.ReleaseILMerge|Any CPU.ActiveCfg = Release|Any CPU
		{4D1D8CFB-591E-4F26-B26B-964353360EBF}.ReleaseILMerge|Any CPU.Build.0 = Release|Any CPU
		{352C9BC1-F74C-4741-A09D-7227BC60C057}.Debug|Any CPU.ActiveCfg = Debug|Any CPU
		{352C9BC1-F74C-4741-A09D-7227BC60C057}.Debug|Any CPU.Build.0 = Debug|Any CPU
		{352C9BC1-F74C-4741-A09D-7227BC60C057}.DebugILMerge|Any CPU.ActiveCfg = DebugILMerge|Any CPU
		{352C9BC1-F74C-4741-A09D-7227BC60C057}.DebugILMerge|Any CPU.Build.0 = DebugILMerge|Any CPU
		{352C9BC1-F74C-4741-A09D-7227BC60C057}.Release|Any CPU.ActiveCfg = Release|Any CPU
		{352C9BC1-F74C-4741-A09D-7227BC60C057}.Release|Any CPU.Build.0 = Release|Any CPU
		{352C9BC1-F74C-4741-A09D-7227BC60C057}.ReleaseILMerge|Any CPU.ActiveCfg = ReleaseILMerge|Any CPU
		{352C9BC1-F74C-4741-A09D-7227BC60C057}.ReleaseILMerge|Any CPU.Build.0 = ReleaseILMerge|Any CPU
	EndGlobalSection
	GlobalSection(SolutionProperties) = preSolution
		HideSolutionNode = FALSE
	EndGlobalSection
EndGlobal
